# Official SRBench images verified by this project.
gplearn=srbench/gplearn@sha256:7eafb4ce8d49bc2901122071c8df485cec5465a2f2c492917f4e367332d14bd7
operon=srbench/operon@sha256:548922b5c261c8e4846e2670e150fb2da4ee13eabf9f3ce39fb68d95ac553d22
pysr=srbench/pysr@sha256:59dccd3010bf260bc5998d41aeb488768a0e979ba81047e10a02d1b23524efa2
geneticengine=srbench/geneticengine@sha256:fadb736af3335fdc36c7826164f58aa86ddf54eb4d03c6a270180a7fb635c877
itea=srbench/itea@sha256:683cdcd36eeba5c21743b352734b9bedc8086da00b36c6cdf8629c6522eb18b9
eql=srbench/eql@sha256:f52d9a62c6617891672f2dd628b48fc889cb433c94dd02e4388f2f2cee02fd1d
